
Microsoft Visual Studio Solution File, Format Version 12.00
# Visual Studio Version 17
VisualStudioVersion = 17.14.36511.14 d17.14
MinimumVisualStudioVersion = 10.0.40219.1
Project("{FAE04EC0-301F-11D3-BF4B-00C04F79EFBC}") = "POSGardenia", "POSGardenia\POSGardenia.csproj", "{814F7907-890A-4917-AB86-1F9C254766D8}"
EndProject
Global
	GlobalSection(SolutionConfigurationPlatforms) = preSolution
		Debug|Any CPU = Debug|Any CPU
		Release|Any CPU = Release|Any CPU
	EndGlobalSection
	GlobalSection(ProjectConfigurationPlatforms) = postSolution
		{814F7907-890A-4917-AB86-1F9C254766D8}.Debug|Any CPU.ActiveCfg = Debug|Any CPU
		{814F7907-890A-4917-AB86-1F9C254766D8}.Debug|Any CPU.Build.0 = Debug|Any CPU
		{814F7907-890A-4917-AB86-1F9C254766D8}.Release|Any CPU.ActiveCfg = Release|Any CPU
		{814F7907-890A-4917-AB86-1F9C254766D8}.Release|Any CPU.Build.0 = Release|Any CPU
	EndGlobalSection
	GlobalSection(SolutionProperties) = preSolution
		HideSolutionNode = FALSE
	EndGlobalSection
	GlobalSection(ExtensibilityGlobals) = postSolution
		SolutionGuid = {3F5D5E44-2615-43C9-8F78-9A9011901F68}
	EndGlobalSection
EndGlobal
